// !$*UTF8*$!
{
	archiveVersion = 1;
	classes = {
	};
	objectVersion = 56;
	objects = {

/* Begin PBXBuildFile section */
		1CBF4D092CC833FB0041A8DA /* AppDelegate.swift in Sources */ = {isa = PBXBuildFile; fileRef = 1CBF4D082CC833FB0041A8DA /* AppDelegate.swift */; };
		1CBF4D0B2CC833FB0041A8DA /* SceneDelegate.swift in Sources */ = {isa = PBXBuildFile; fileRef = 1CBF4D0A2CC833FB0041A8DA /* SceneDelegate.swift */; };
		1CBF4D0D2CC833FB0041A8DA /* UsersViewController.swift in Sources */ = {isa = PBXBuildFile; fileRef = 1CBF4D0C2CC833FB0041A8DA /* UsersViewController.swift */; };
		1CBF4D102CC833FB0041A8DA /* Main.storyboard in Resources */ = {isa = PBXBuildFile; fileRef = 1CBF4D0E2CC833FB0041A8DA /* Main.storyboard */; };
		1CBF4D122CC833FD0041A8DA /* Assets.xcassets in Resources */ = {isa = PBXBuildFile; fileRef = 1CBF4D112CC833FD0041A8DA /* Assets.xcassets */; };
		1CBF4D152CC833FD0041A8DA /* LaunchScreen.storyboard in Resources */ = {isa = PBXBuildFile; fileRef = 1CBF4D132CC833FD0041A8DA /* LaunchScreen.storyboard */; };
		1CBF4D202CC8347D0041A8DA /* UsersProtocols.swift in Sources */ = {isa = PBXBuildFile; fileRef = 1CBF4D1F2CC8347D0041A8DA /* UsersProtocols.swift */; };
		1CBF4D222CC834B60041A8DA /* Users.swift in Sources */ = {isa = PBXBuildFile; fileRef = 1CBF4D212CC834B60041A8DA /* Users.swift */; };
		1CBF4D242CC834DC0041A8DA /* UsersViewModel.swift in Sources */ = {isa = PBXBuildFile; fileRef = 1CBF4D232CC834DC0041A8DA /* UsersViewModel.swift */; };
		1CBF4D262CC8352C0041A8DA /* UsersService.swift in Sources */ = {isa = PBXBuildFile; fileRef = 1CBF4D252CC8352C0041A8DA /* UsersService.swift */; };
		1CBF4D282CC836CA0041A8DA /* UsersPresenter.swift in Sources */ = {isa = PBXBuildFile; fileRef = 1CBF4D272CC836CA0041A8DA /* UsersPresenter.swift */; };
		1CBF4D2A2CC836DC0041A8DA /* UsersInteractor.swift in Sources */ = {isa = PBXBuildFile; fileRef = 1CBF4D292CC836DC0041A8DA /* UsersInteractor.swift */; };
		1CBF4D2C2CC836EA0041A8DA /* UsersRouter.swift in Sources */ = {isa = PBXBuildFile; fileRef = 1CBF4D2B2CC836EA0041A8DA /* UsersRouter.swift */; };
		1CBF4D2E2CC838150041A8DA /* UsersBuilder.swift in Sources */ = {isa = PBXBuildFile; fileRef = 1CBF4D2D2CC838150041A8DA /* UsersBuilder.swift */; };
/* End PBXBuildFile section */

/* Begin PBXFileReference section */
		1CBF4D052CC833FB0041A8DA /* ViperUsersExample.app */ = {isa = PBXFileReference; explicitFileType = wrapper.application; includeInIndex = 0; path = ViperUsersExample.app; sourceTree = BUILT_PRODUCTS_DIR; };
		1CBF4D082CC833FB0041A8DA /* AppDelegate.swift */ = {isa = PBXFileReference; lastKnownFileType = sourcecode.swift; path = AppDelegate.swift; sourceTree = "<group>"; };
		1CBF4D0A2CC833FB0041A8DA /* SceneDelegate.swift */ = {isa = PBXFileReference; lastKnownFileType = sourcecode.swift; path = SceneDelegate.swift; sourceTree = "<group>"; };
		1CBF4D0C2CC833FB0041A8DA /* UsersViewController.swift */ = {isa = PBXFileReference; lastKnownFileType = sourcecode.swift; path = UsersViewController.swift; sourceTree = "<group>"; };
		1CBF4D0F2CC833FB0041A8DA /* Base */ = {isa = PBXFileReference; lastKnownFileType = file.storyboard; name = Base; path = Base.lproj/Main.storyboard; sourceTree = "<group>"; };
		1CBF4D112CC833FD0041A8DA /* Assets.xcassets */ = {isa = PBXFileReference; lastKnownFileType = folder.assetcatalog; path = Assets.xcassets; sourceTree = "<group>"; };
		1CBF4D142CC833FD0041A8DA /* Base */ = {isa = PBXFileReference; lastKnownFileType = file.storyboard; name = Base; path = Base.lproj/LaunchScreen.storyboard; sourceTree = "<group>"; };
		1CBF4D162CC833FD0041A8DA /* Info.plist */ = {isa = PBXFileReference; lastKnownFileType = text.plist.xml; path = Info.plist; sourceTree = "<group>"; };
		1CBF4D1F2CC8347D0041A8DA /* UsersProtocols.swift */ = {isa = PBXFileReference; lastKnownFileType = sourcecode.swift; path = UsersProtocols.swift; sourceTree = "<group>"; };
		1CBF4D212CC834B60041A8DA /* Users.swift */ = {isa = PBXFileReference; lastKnownFileType = sourcecode.swift; path = Users.swift; sourceTree = "<group>"; };
		1CBF4D232CC834DC0041A8DA /* UsersViewModel.swift */ = {isa = PBXFileReference; lastKnownFileType = sourcecode.swift; path = UsersViewModel.swift; sourceTree = "<group>"; };
		1CBF4D252CC8352C0041A8DA /* UsersService.swift */ = {isa = PBXFileReference; lastKnownFileType = sourcecode.swift; path = UsersService.swift; sourceTree = "<group>"; };
		1CBF4D272CC836CA0041A8DA /* UsersPresenter.swift */ = {isa = PBXFileReference; lastKnownFileType = sourcecode.swift; path = UsersPresenter.swift; sourceTree = "<group>"; };
		1CBF4D292CC836DC0041A8DA /* UsersInteractor.swift */ = {isa = PBXFileReference; lastKnownFileType = sourcecode.swift; path = UsersInteractor.swift; sourceTree = "<group>"; };
		1CBF4D2B2CC836EA0041A8DA /* UsersRouter.swift */ = {isa = PBXFileReference; lastKnownFileType = sourcecode.swift; path = UsersRouter.swift; sourceTree = "<group>"; };
		1CBF4D2D2CC838150041A8DA /* UsersBuilder.swift */ = {isa = PBXFileReference; lastKnownFileType = sourcecode.swift; path = UsersBuilder.swift; sourceTree = "<group>"; };
/* End PBXFileReference section */

/* Begin PBXFrameworksBuildPhase section */
		1CBF4D022CC833FB0041A8DA /* Frameworks */ = {
			isa = PBXFrameworksBuildPhase;
			buildActionMask = 2147483647;
			files = (
			);
			runOnlyForDeploymentPostprocessing = 0;
		};
/* End PBXFrameworksBuildPhase section */

/* Begin PBXGroup section */
		1CBF4CFC2CC833FB0041A8DA = {
			isa = PBXGroup;
			children = (
				1CBF4D072CC833FB0041A8DA /* ViperUsersExample */,
				1CBF4D062CC833FB0041A8DA /* Products */,
			);
			sourceTree = "<group>";
		};
		1CBF4D062CC833FB0041A8DA /* Products */ = {
			isa = PBXGroup;
			children = (
				1CBF4D052CC833FB0041A8DA /* ViperUsersExample.app */,
			);
			name = Products;
			sourceTree = "<group>";
		};
		1CBF4D072CC833FB0041A8DA /* ViperUsersExample */ = {
			isa = PBXGroup;
			children = (
				1CBF4D1E2CC834560041A8DA /* Users */,
				1CBF4D1D2CC834180041A8DA /* Resources */,
				1CBF4D1C2CC834080041A8DA /* Application */,
			);
			path = ViperUsersExample;
			sourceTree = "<group>";
		};
		1CBF4D1C2CC834080041A8DA /* Application */ = {
			isa = PBXGroup;
			children = (
				1CBF4D082CC833FB0041A8DA /* AppDelegate.swift */,
				1CBF4D0A2CC833FB0041A8DA /* SceneDelegate.swift */,
			);
			path = Application;
			sourceTree = "<group>";
		};
		1CBF4D1D2CC834180041A8DA /* Resources */ = {
			isa = PBXGroup;
			children = (
				1CBF4D0E2CC833FB0041A8DA /* Main.storyboard */,
				1CBF4D112CC833FD0041A8DA /* Assets.xcassets */,
				1CBF4D132CC833FD0041A8DA /* LaunchScreen.storyboard */,
				1CBF4D162CC833FD0041A8DA /* Info.plist */,
			);
			path = Resources;
			sourceTree = "<group>";
		};
		1CBF4D1E2CC834560041A8DA /* Users */ = {
			isa = PBXGroup;
			children = (
				1CBF4D1F2CC8347D0041A8DA /* UsersProtocols.swift */,
				1CBF4D212CC834B60041A8DA /* Users.swift */,
				1CBF4D232CC834DC0041A8DA /* UsersViewModel.swift */,
				1CBF4D252CC8352C0041A8DA /* UsersService.swift */,
				1CBF4D272CC836CA0041A8DA /* UsersPresenter.swift */,
				1CBF4D292CC836DC0041A8DA /* UsersInteractor.swift */,
				1CBF4D2B2CC836EA0041A8DA /* UsersRouter.swift */,
				1CBF4D2D2CC838150041A8DA /* UsersBuilder.swift */,
				1CBF4D0C2CC833FB0041A8DA /* UsersViewController.swift */,
			);
			path = Users;
			sourceTree = "<group>";
		};
/* End PBXGroup section */

/* Begin PBXNativeTarget section */
		1CBF4D042CC833FB0041A8DA /* ViperUsersExample */ = {
			isa = PBXNativeTarget;
			buildConfigurationList = 1CBF4D192CC833FD0041A8DA /* Build configuration list for PBXNativeTarget "ViperUsersExample" */;
			buildPhases = (
				1CBF4D012CC833FB0041A8DA /* Sources */,
				1CBF4D022CC833FB0041A8DA /* Frameworks */,
				1CBF4D032CC833FB0041A8DA /* Resources */,
			);
			buildRules = (
			);
			dependencies = (
			);
			name = ViperUsersExample;
			productName = ViperUsersExample;
			productReference = 1CBF4D052CC833FB0041A8DA /* ViperUsersExample.app */;
			productType = "com.apple.product-type.application";
		};
/* End PBXNativeTarget section */

/* Begin PBXProject section */
		1CBF4CFD2CC833FB0041A8DA /* Project object */ = {
			isa = PBXProject;
			attributes = {
				BuildIndependentTargetsInParallel = 1;
				LastSwiftUpdateCheck = 1520;
				LastUpgradeCheck = 1520;
				TargetAttributes = {
					1CBF4D042CC833FB0041A8DA = {
						CreatedOnToolsVersion = 15.2;
					};
				};
			};
			buildConfigurationList = 1CBF4D002CC833FB0041A8DA /* Build configuration list for PBXProject "ViperUsersExample" */;
			compatibilityVersion = "Xcode 14.0";
			developmentRegion = en;
			hasScannedForEncodings = 0;
			knownRegions = (
				en,
				Base,
			);
			mainGroup = 1CBF4CFC2CC833FB0041A8DA;
			productRefGroup = 1CBF4D062CC833FB0041A8DA /* Products */;
			projectDirPath = "";
			projectRoot = "";
			targets = (
				1CBF4D042CC833FB0041A8DA /* ViperUsersExample */,
			);
		};
/* End PBXProject section */

/* Begin PBXResourcesBuildPhase section */
		1CBF4D032CC833FB0041A8DA /* Resources */ = {
			isa = PBXResourcesBuildPhase;
			buildActionMask = 2147483647;
			files = (
				1CBF4D152CC833FD0041A8DA /* LaunchScreen.storyboard in Resources */,
				1CBF4D122CC833FD0041A8DA /* Assets.xcassets in Resources */,
				1CBF4D102CC833FB0041A8DA /* Main.storyboard in Resources */,
			);
			runOnlyForDeploymentPostprocessing = 0;
		};
/* End PBXResourcesBuildPhase section */

/* Begin PBXSourcesBuildPhase section */
		1CBF4D012CC833FB0041A8DA /* Sources */ = {
			isa = PBXSourcesBuildPhase;
			buildActionMask = 2147483647;
			files = (
				1CBF4D2E2CC838150041A8DA /* UsersBuilder.swift in Sources */,
				1CBF4D0D2CC833FB0041A8DA /* UsersViewController.swift in Sources */,
				1CBF4D2A2CC836DC0041A8DA /* UsersInteractor.swift in Sources */,
				1CBF4D282CC836CA0041A8DA /* UsersPresenter.swift in Sources */,
				1CBF4D2C2CC836EA0041A8DA /* UsersRouter.swift in Sources */,
				1CBF4D242CC834DC0041A8DA /* UsersViewModel.swift in Sources */,
				1CBF4D092CC833FB0041A8DA /* AppDelegate.swift in Sources */,
				1CBF4D222CC834B60041A8DA /* Users.swift in Sources */,
				1CBF4D202CC8347D0041A8DA /* UsersProtocols.swift in Sources */,
				1CBF4D262CC8352C0041A8DA /* UsersService.swift in Sources */,
				1CBF4D0B2CC833FB0041A8DA /* SceneDelegate.swift in Sources */,
			);
			runOnlyForDeploymentPostprocessing = 0;
		};
/* End PBXSourcesBuildPhase section */

/* Begin PBXVariantGroup section */
		1CBF4D0E2CC833FB0041A8DA /* Main.storyboard */ = {
			isa = PBXVariantGroup;
			children = (
				1CBF4D0F2CC833FB0041A8DA /* Base */,
			);
			name = Main.storyboard;
			sourceTree = "<group>";
		};
		1CBF4D132CC833FD0041A8DA /* LaunchScreen.storyboard */ = {
			isa = PBXVariantGroup;
			children = (
				1CBF4D142CC833FD0041A8DA /* Base */,
			);
			name = LaunchScreen.storyboard;
			sourceTree = "<group>";
		};
/* End PBXVariantGroup section */

/* Begin XCBuildConfiguration section */
		1CBF4D172CC833FD0041A8DA /* Debug */ = {
			isa = XCBuildConfiguration;
			buildSettings = {
				ALWAYS_SEARCH_USER_PATHS = NO;
				ASSETCATALOG_COMPILER_GENERATE_SWIFT_ASSET_SYMBOL_EXTENSIONS = YES;
				CLANG_ANALYZER_NONNULL = YES;
				CLANG_ANALYZER_NUMBER_OBJECT_CONVERSION = YES_AGGRESSIVE;
				CLANG_CXX_LANGUAGE_STANDARD = "gnu++20";
				CLANG_ENABLE_MODULES = YES;
				CLANG_ENABLE_OBJC_ARC = YES;
				CLANG_ENABLE_OBJC_WEAK = YES;
				CLANG_WARN_BLOCK_CAPTURE_AUTORELEASING = YES;
				CLANG_WARN_BOOL_CONVERSION = YES;
				CLANG_WARN_COMMA = YES;
				CLANG_WARN_CONSTANT_CONVERSION = YES;
				CLANG_WARN_DEPRECATED_OBJC_IMPLEMENTATIONS = YES;
				CLANG_WARN_DIRECT_OBJC_ISA_USAGE = YES_ERROR;
				CLANG_WARN_DOCUMENTATION_COMMENTS = YES;
				CLANG_WARN_EMPTY_BODY = YES;
				CLANG_WARN_ENUM_CONVERSION = YES;
				CLANG_WARN_INFINITE_RECURSION = YES;
				CLANG_WARN_INT_CONVERSION = YES;
				CLANG_WARN_NON_LITERAL_NULL_CONVERSION = YES;
				CLANG_WARN_OBJC_IMPLICIT_RETAIN_SELF = YES;
				CLANG_WARN_OBJC_LITERAL_CONVERSION = YES;
				CLANG_WARN_OBJC_ROOT_CLASS = YES_ERROR;
				CLANG_WARN_QUOTED_INCLUDE_IN_FRAMEWORK_HEADER = YES;
				CLANG_WARN_RANGE_LOOP_ANALYSIS = YES;
				CLANG_WARN_STRICT_PROTOTYPES = YES;
				CLANG_WARN_SUSPICIOUS_MOVE = YES;
				CLANG_WARN_UNGUARDED_AVAILABILITY = YES_AGGRESSIVE;
				CLANG_WARN_UNREACHABLE_CODE = YES;
				CLANG_WARN__DUPLICATE_METHOD_MATCH = YES;
				COPY_PHASE_STRIP = NO;
				DEBUG_INFORMATION_FORMAT = dwarf;
				ENABLE_STRICT_OBJC_MSGSEND = YES;
				ENABLE_TESTABILITY = YES;
				ENABLE_USER_SCRIPT_SANDBOXING = YES;
				GCC_C_LANGUAGE_STANDARD = gnu17;
				GCC_DYNAMIC_NO_PIC = NO;
				GCC_NO_COMMON_BLOCKS = YES;
				GCC_OPTIMIZATION_LEVEL = 0;
				GCC_PREPROCESSOR_DEFINITIONS = (
					"DEBUG=1",
					"$(inherited)",
				);
				GCC_WARN_64_TO_32_BIT_CONVERSION = YES;
				GCC_WARN_ABOUT_RETURN_TYPE = YES_ERROR;
				GCC_WARN_UNDECLARED_SELECTOR = YES;
				GCC_WARN_UNINITIALIZED_AUTOS = YES_AGGRESSIVE;
				GCC_WARN_UNUSED_FUNCTION = YES;
				GCC_WARN_UNUSED_VARIABLE = YES;
				IPHONEOS_DEPLOYMENT_TARGET = 17.2;
				LOCALIZATION_PREFERS_STRING_CATALOGS = YES;
				MTL_ENABLE_DEBUG_INFO = INCLUDE_SOURCE;
				MTL_FAST_MATH = YES;
				ONLY_ACTIVE_ARCH = YES;
				SDKROOT = iphoneos;
				SWIFT_ACTIVE_COMPILATION_CONDITIONS = "DEBUG $(inherited)";
				SWIFT_OPTIMIZATION_LEVEL = "-Onone";
			};
			name = Debug;
		};
		1CBF4D182CC833FD0041A8DA /* Release */ = {
			isa = XCBuildConfiguration;
			buildSettings = {
				ALWAYS_SEARCH_USER_PATHS = NO;
				ASSETCATALOG_COMPILER_GENERATE_SWIFT_ASSET_SYMBOL_EXTENSIONS = YES;
				CLANG_ANALYZER_NONNULL = YES;
				CLANG_ANALYZER_NUMBER_OBJECT_CONVERSION = YES_AGGRESSIVE;
				CLANG_CXX_LANGUAGE_STANDARD = "gnu++20";
				CLANG_ENABLE_MODULES = YES;
				CLANG_ENABLE_OBJC_ARC = YES;
				CLANG_ENABLE_OBJC_WEAK = YES;
				CLANG_WARN_BLOCK_CAPTURE_AUTORELEASING = YES;
				CLANG_WARN_BOOL_CONVERSION = YES;
				CLANG_WARN_COMMA = YES;
				CLANG_WARN_CONSTANT_CONVERSION = YES;
				CLANG_WARN_DEPRECATED_OBJC_IMPLEMENTATIONS = YES;
				CLANG_WARN_DIRECT_OBJC_ISA_USAGE = YES_ERROR;
				CLANG_WARN_DOCUMENTATION_COMMENTS = YES;
				CLANG_WARN_EMPTY_BODY = YES;
				CLANG_WARN_ENUM_CONVERSION = YES;
				CLANG_WARN_INFINITE_RECURSION = YES;
				CLANG_WARN_INT_CONVERSION = YES;
				CLANG_WARN_NON_LITERAL_NULL_CONVERSION = YES;
				CLANG_WARN_OBJC_IMPLICIT_RETAIN_SELF = YES;
				CLANG_WARN_OBJC_LITERAL_CONVERSION = YES;
				CLANG_WARN_OBJC_ROOT_CLASS = YES_ERROR;
				CLANG_WARN_QUOTED_INCLUDE_IN_FRAMEWORK_HEADER = YES;
				CLANG_WARN_RANGE_LOOP_ANALYSIS = YES;
				CLANG_WARN_STRICT_PROTOTYPES = YES;
				CLANG_WARN_SUSPICIOUS_MOVE = YES;
				CLANG_WARN_UNGUARDED_AVAILABILITY = YES_AGGRESSIVE;
				CLANG_WARN_UNREACHABLE_CODE = YES;
				CLANG_WARN__DUPLICATE_METHOD_MATCH = YES;
				COPY_PHASE_STRIP = NO;
				DEBUG_INFORMATION_FORMAT = "dwarf-with-dsym";
				ENABLE_NS_ASSERTIONS = NO;
				ENABLE_STRICT_OBJC_MSGSEND = YES;
				ENABLE_USER_SCRIPT_SANDBOXING = YES;
				GCC_C_LANGUAGE_STANDARD = gnu17;
				GCC_NO_COMMON_BLOCKS = YES;
				GCC_WARN_64_TO_32_BIT_CONVERSION = YES;
				GCC_WARN_ABOUT_RETURN_TYPE = YES_ERROR;
				GCC_WARN_UNDECLARED_SELECTOR = YES;
				GCC_WARN_UNINITIALIZED_AUTOS = YES_AGGRESSIVE;
				GCC_WARN_UNUSED_FUNCTION = YES;
				GCC_WARN_UNUSED_VARIABLE = YES;
				IPHONEOS_DEPLOYMENT_TARGET = 17.2;
				LOCALIZATION_PREFERS_STRING_CATALOGS = YES;
				MTL_ENABLE_DEBUG_INFO = NO;
				MTL_FAST_MATH = YES;
				SDKROOT = iphoneos;
				SWIFT_COMPILATION_MODE = wholemodule;
				VALIDATE_PRODUCT = YES;
			};
			name = Release;
		};
		1CBF4D1A2CC833FD0041A8DA /* Debug */ = {
			isa = XCBuildConfiguration;
			buildSettings = {
				ASSETCATALOG_COMPILER_APPICON_NAME = AppIcon;
				ASSETCATALOG_COMPILER_GLOBAL_ACCENT_COLOR_NAME = AccentColor;
				CODE_SIGN_STYLE = Automatic;
				CURRENT_PROJECT_VERSION = 1;
				GENERATE_INFOPLIST_FILE = YES;
				INFOPLIST_FILE = ViperUsersExample/Resources/Info.plist;
				INFOPLIST_KEY_UIApplicationSupportsIndirectInputEvents = YES;
				INFOPLIST_KEY_UILaunchStoryboardName = LaunchScreen;
				INFOPLIST_KEY_UIMainStoryboardFile = Main;
				INFOPLIST_KEY_UISupportedInterfaceOrientations_iPad = "UIInterfaceOrientationPortrait UIInterfaceOrientationPortraitUpsideDown UIInterfaceOrientationLandscapeLeft UIInterfaceOrientationLandscapeRight";
				INFOPLIST_KEY_UISupportedInterfaceOrientations_iPhone = "UIInterfaceOrientationPortrait UIInterfaceOrientationLandscapeLeft UIInterfaceOrientationLandscapeRight";
				LD_RUNPATH_SEARCH_PATHS = (
					"$(inherited)",
					"@executable_path/Frameworks",
				);
				MARKETING_VERSION = 1.0;
				PRODUCT_BUNDLE_IDENTIFIER = net.chingiz.ViperUsersExample;
				PRODUCT_NAME = "$(TARGET_NAME)";
				SWIFT_EMIT_LOC_STRINGS = YES;
				SWIFT_VERSION = 5.0;
				TARGETED_DEVICE_FAMILY = "1,2";
			};
			name = Debug;
		};
		1CBF4D1B2CC833FD0041A8DA /* Release */ = {
			isa = XCBuildConfiguration;
			buildSettings = {
				ASSETCATALOG_COMPILER_APPICON_NAME = AppIcon;
				ASSETCATALOG_COMPILER_GLOBAL_ACCENT_COLOR_NAME = AccentColor;
				CODE_SIGN_STYLE = Automatic;
				CURRENT_PROJECT_VERSION = 1;
				GENERATE_INFOPLIST_FILE = YES;
				INFOPLIST_FILE = ViperUsersExample/Resources/Info.plist;
				INFOPLIST_KEY_UIApplicationSupportsIndirectInputEvents = YES;
				INFOPLIST_KEY_UILaunchStoryboardName = LaunchScreen;
				INFOPLIST_KEY_UIMainStoryboardFile = Main;
				INFOPLIST_KEY_UISupportedInterfaceOrientations_iPad = "UIInterfaceOrientationPortrait UIInterfaceOrientationPortraitUpsideDown UIInterfaceOrientationLandscapeLeft UIInterfaceOrientationLandscapeRight";
				INFOPLIST_KEY_UISupportedInterfaceOrientations_iPhone = "UIInterfaceOrientationPortrait UIInterfaceOrientationLandscapeLeft UIInterfaceOrientationLandscapeRight";
				LD_RUNPATH_SEARCH_PATHS = (
					"$(inherited)",
					"@executable_path/Frameworks",
				);
				MARKETING_VERSION = 1.0;
				PRODUCT_BUNDLE_IDENTIFIER = net.chingiz.ViperUsersExample;
				PRODUCT_NAME = "$(TARGET_NAME)";
				SWIFT_EMIT_LOC_STRINGS = YES;
				SWIFT_VERSION = 5.0;
				TARGETED_DEVICE_FAMILY = "1,2";
			};
			name = Release;
		};
/* End XCBuildConfiguration section */

/* Begin XCConfigurationList section */
		1CBF4D002CC833FB0041A8DA /* Build configuration list for PBXProject "ViperUsersExample" */ = {
			isa = XCConfigurationList;
			buildConfigurations = (
				1CBF4D172CC833FD0041A8DA /* Debug */,
				1CBF4D182CC833FD0041A8DA /* Release */,
			);
			defaultConfigurationIsVisible = 0;
			defaultConfigurationName = Release;
		};
		1CBF4D192CC833FD0041A8DA /* Build configuration list for PBXNativeTarget "ViperUsersExample" */ = {
			isa = XCConfigurationList;
			buildConfigurations = (
				1CBF4D1A2CC833FD0041A8DA /* Debug */,
				1CBF4D1B2CC833FD0041A8DA /* Release */,
			);
			defaultConfigurationIsVisible = 0;
			defaultConfigurationName = Release;
		};
/* End XCConfigurationList section */
	};
	rootObject = 1CBF4CFD2CC833FB0041A8DA /* Project object */;
}
